{
  "name": "omni-gateway-mock",
  "version": "1.0.0",
  "lockfileVersion": 1,
  "requires": true,
  "dependencies": {
    "json-server": {
      "version": "0.14.2",
      "resolved": "http://registry.npm.taobao.org/json-server/download/json-server-0.14.2.tgz",
      "dev": true,
      "dependencies": {
        "body-parser": {
          "version": "http://registry.npm.taobao.org/body-parser/download/body-parser-1.18.3.tgz",
          "bundled": true,
          "dependencies": {
            "bytes": {
              "version": "http://registry.npm.taobao.org/bytes/download/bytes-3.0.0.tgz",
              "bundled": true
            },
            "content-type": {
              "version": "http://registry.npm.taobao.org/content-type/download/content-type-1.0.4.tgz",
              "bundled": true
            },
            "debug": {
              "version": "http://registry.npm.taobao.org/debug/download/debug-2.6.9.tgz",
              "bundled": true,
              "dependencies": {
                "ms": {
                  "version": "http://registry.npm.taobao.org/ms/download/ms-2.0.0.tgz"
                }
              }
            },
            "depd": {
              "version": "http://registry.npm.taobao.org/depd/download/depd-1.1.2.tgz",
              "bundled": true
            },
            "http-errors": {
              "version": "http://registry.npm.taobao.org/http-errors/download/http-errors-1.6.3.tgz",
              "bundled": true
            },
            "iconv-lite": {
              "version": "http://registry.npm.taobao.org/iconv-lite/download/iconv-lite-0.4.23.tgz",
              "bundled": true,
              "dependencies": {
                "safer-buffer": {
                  "version": "http://registry.npm.taobao.org/safer-buffer/download/safer-buffer-2.1.2.tgz",
                  "bundled": true
                }
              }
            },
            "on-finished": {
              "version": "http://registry.npm.taobao.org/on-finished/download/on-finished-2.3.0.tgz",
              "bundled": true,
              "dependencies": {
                "ee-first": {
                  "version": "http://registry.npm.taobao.org/ee-first/download/ee-first-1.1.1.tgz",
                  "bundled": true
                }
              }
            },
            "qs": {
              "version": "http://registry.npm.taobao.org/qs/download/qs-6.5.2.tgz?cache=0&other_urls=http%3A%2F%2Fregistry.npm.taobao.org%2Fqs%2Fdownload%2Fqs-6.5.2.tgz",
              "bundled": true
            },
            "raw-body": {
              "version": "http://registry.npm.taobao.org/raw-body/download/raw-body-2.3.3.tgz",
              "bundled": true
            },
            "type-is": {
              "version": "http://registry.npm.taobao.org/type-is/download/type-is-1.6.16.tgz",
              "bundled": true
            }
          }
        },
        "chalk": {
          "version": "http://registry.npm.taobao.org/chalk/download/chalk-2.4.2.tgz?cache=0&other_urls=http%3A%2F%2Fregistry.npm.taobao.org%2Fchalk%2Fdownload%2Fchalk-2.4.2.tgz",
          "bundled": true
        },
        "compression": {
          "version": "http://registry.npm.taobao.org/compression/download/compression-1.7.4.tgz",
          "bundled": true,
          "dependencies": {
            "accepts": {
              "version": "http://registry.npm.taobao.org/accepts/download/accepts-1.3.5.tgz",
              "bundled": true,
              "dependencies": {
                "mime-types": {
                  "version": "http://registry.npm.taobao.org/mime-types/download/mime-types-2.1.23.tgz",
                  "bundled": true
                },
                "negotiator": {
                  "version": "http://registry.npm.taobao.org/negotiator/download/negotiator-0.6.1.tgz",
                  "bundled": true
                }
              }
            },
            "bytes": {
              "version": "http://registry.npm.taobao.org/bytes/download/bytes-3.0.0.tgz",
              "bundled": true
            },
            "compressible": {
              "version": "http://registry.npm.taobao.org/compressible/download/compressible-2.0.16.tgz",
              "bundled": true
            },
            "debug": {
              "version": "http://registry.npm.taobao.org/debug/download/debug-2.6.9.tgz",
              "bundled": true
            },
            "on-headers": {
              "version": "http://registry.npm.taobao.org/on-headers/download/on-headers-1.0.2.tgz",
              "bundled": true
            },
            "safe-buffer": {
              "version": "http://registry.npm.taobao.org/safe-buffer/download/safe-buffer-5.1.2.tgz",
              "bundled": true
            },
            "vary": {
              "version": "http://registry.npm.taobao.org/vary/download/vary-1.1.2.tgz",
              "bundled": true
            }
          }
        },
        "connect-pause": {
          "version": "http://registry.npm.taobao.org/connect-pause/download/connect-pause-0.1.1.tgz",
          "bundled": true
        },
        "cors": {
          "version": "http://registry.npm.taobao.org/cors/download/cors-2.8.5.tgz",
          "bundled": true
        },
        "errorhandler": {
          "version": "http://registry.npm.taobao.org/errorhandler/download/errorhandler-1.5.0.tgz",
          "bundled": true
        },
        "express": {
          "version": "http://registry.npm.taobao.org/express/download/express-4.16.4.tgz",
          "bundled": true,
          "dependencies": {
            "accepts": {
              "version": "http://registry.npm.taobao.org/accepts/download/accepts-1.3.5.tgz",
              "bundled": true,
              "dependencies": {
                "mime-types": {
                  "version": "http://registry.npm.taobao.org/mime-types/download/mime-types-2.1.23.tgz",
                  "bundled": true
                },
                "negotiator": {
                  "version": "http://registry.npm.taobao.org/negotiator/download/negotiator-0.6.1.tgz",
                  "bundled": true
                }
              }
            },
            "array-flatten": {
              "version": "http://registry.npm.taobao.org/array-flatten/download/array-flatten-1.1.1.tgz",
              "bundled": true
            },
            "body-parser": {
              "version": "http://registry.npm.taobao.org/body-parser/download/body-parser-1.18.3.tgz",
              "bundled": true,
              "dependencies": {
                "bytes": {
                  "version": "http://registry.npm.taobao.org/bytes/download/bytes-3.0.0.tgz",
                  "bundled": true
                },
                "content-type": {
                  "version": "http://registry.npm.taobao.org/content-type/download/content-type-1.0.4.tgz",
                  "bundled": true
                },
                "debug": {
                  "version": "http://registry.npm.taobao.org/debug/download/debug-2.6.9.tgz",
                  "bundled": true,
                  "dependencies": {}
                },
                "depd": {
                  "version": "http://registry.npm.taobao.org/depd/download/depd-1.1.2.tgz",
                  "bundled": true
                },
                "http-errors": {
                  "version": "http://registry.npm.taobao.org/http-errors/download/http-errors-1.6.3.tgz",
                  "bundled": true
                },
                "iconv-lite": {
                  "version": "http://registry.npm.taobao.org/iconv-lite/download/iconv-lite-0.4.23.tgz",
                  "bundled": true,
                  "dependencies": {}
                },
                "on-finished": {
                  "version": "http://registry.npm.taobao.org/on-finished/download/on-finished-2.3.0.tgz",
                  "bundled": true,
                  "dependencies": {}
                },
                "qs": {
                  "version": "http://registry.npm.taobao.org/qs/download/qs-6.5.2.tgz?cache=0&other_urls=http%3A%2F%2Fregistry.npm.taobao.org%2Fqs%2Fdownload%2Fqs-6.5.2.tgz",
                  "bundled": true
                },
                "raw-body": {
                  "version": "http://registry.npm.taobao.org/raw-body/download/raw-body-2.3.3.tgz",
                  "bundled": true
                },
                "type-is": {
                  "version": "http://registry.npm.taobao.org/type-is/download/type-is-1.6.16.tgz",
                  "bundled": true
                }
              }
            },
            "content-disposition": {
              "version": "http://registry.npm.taobao.org/content-disposition/download/content-disposition-0.5.2.tgz",
              "bundled": true
            },
            "content-type": {
              "version": "http://registry.npm.taobao.org/content-type/download/content-type-1.0.4.tgz",
              "bundled": true
            },
            "cookie": {
              "version": "http://registry.npm.taobao.org/cookie/download/cookie-0.3.1.tgz",
              "bundled": true
            },
            "cookie-signature": {
              "version": "http://registry.npm.taobao.org/cookie-signature/download/cookie-signature-1.0.6.tgz",
              "bundled": true
            },
            "debug": {
              "version": "http://registry.npm.taobao.org/debug/download/debug-2.6.9.tgz",
              "bundled": true,
              "dependencies": {
                "ms": {
                  "version": "http://registry.npm.taobao.org/ms/download/ms-2.0.0.tgz"
                }
              }
            },
            "depd": {
              "version": "http://registry.npm.taobao.org/depd/download/depd-1.1.2.tgz",
              "bundled": true
            },
            "encodeurl": {
              "version": "http://registry.npm.taobao.org/encodeurl/download/encodeurl-1.0.2.tgz",
              "bundled": true
            },
            "escape-html": {
              "version": "http://registry.npm.taobao.org/escape-html/download/escape-html-1.0.3.tgz",
              "bundled": true
            },
            "etag": {
              "version": "http://registry.npm.taobao.org/etag/download/etag-1.8.1.tgz",
              "bundled": true
            },
            "finalhandler": {
              "version": "http://registry.npm.taobao.org/finalhandler/download/finalhandler-1.1.1.tgz",
              "bundled": true
            },
            "fresh": {
              "version": "http://registry.npm.taobao.org/fresh/download/fresh-0.5.2.tgz",
              "bundled": true
            },
            "merge-descriptors": {
              "version": "http://registry.npm.taobao.org/merge-descriptors/download/merge-descriptors-1.0.1.tgz",
              "bundled": true
            },
            "methods": {
              "version": "http://registry.npm.taobao.org/methods/download/methods-1.1.2.tgz",
              "bundled": true
            },
            "on-finished": {
              "version": "http://registry.npm.taobao.org/on-finished/download/on-finished-2.3.0.tgz",
              "bundled": true,
              "dependencies": {
                "ee-first": {
                  "version": "http://registry.npm.taobao.org/ee-first/download/ee-first-1.1.1.tgz",
                  "bundled": true
                }
              }
            },
            "parseurl": {
              "version": "http://registry.npm.taobao.org/parseurl/download/parseurl-1.3.3.tgz",
              "bundled": true
            },
            "path-to-regexp": {
              "version": "http://registry.npm.taobao.org/path-to-regexp/download/path-to-regexp-0.1.7.tgz",
              "bundled": true
            },
            "proxy-addr": {
              "version": "http://registry.npm.taobao.org/proxy-addr/download/proxy-addr-2.0.5.tgz",
              "bundled": true
            },
            "qs": {
              "version": "http://registry.npm.taobao.org/qs/download/qs-6.5.2.tgz?cache=0&other_urls=http%3A%2F%2Fregistry.npm.taobao.org%2Fqs%2Fdownload%2Fqs-6.5.2.tgz",
              "bundled": true
            },
            "range-parser": {
              "version": "http://registry.npm.taobao.org/range-parser/download/range-parser-1.2.0.tgz",
              "bundled": true
            },
            "safe-buffer": {
              "version": "http://registry.npm.taobao.org/safe-buffer/download/safe-buffer-5.1.2.tgz",
              "bundled": true
            },
            "send": {
              "version": "http://registry.npm.taobao.org/send/download/send-0.16.2.tgz",
              "bundled": true
            },
            "serve-static": {
              "version": "http://registry.npm.taobao.org/serve-static/download/serve-static-1.13.2.tgz",
              "bundled": true
            },
            "setprototypeof": {
              "version": "http://registry.npm.taobao.org/setprototypeof/download/setprototypeof-1.1.0.tgz",
              "bundled": true
            },
            "statuses": {
              "version": "http://registry.npm.taobao.org/statuses/download/statuses-1.4.0.tgz",
              "bundled": true
            },
            "type-is": {
              "version": "http://registry.npm.taobao.org/type-is/download/type-is-1.6.16.tgz",
              "bundled": true,
              "dependencies": {
                "media-typer": {
                  "version": "http://registry.npm.taobao.org/media-typer/download/media-typer-0.3.0.tgz",
                  "bundled": true
                },
                "mime-types": {
                  "version": "http://registry.npm.taobao.org/mime-types/download/mime-types-2.1.23.tgz",
                  "bundled": true,
                  "dependencies": {
                    "mime-db": {
                      "version": "http://registry.npm.taobao.org/mime-db/download/mime-db-1.39.0.tgz",
                      "bundled": true
                    }
                  }
                }
              }
            },
            "utils-merge": {
              "version": "http://registry.npm.taobao.org/utils-merge/download/utils-merge-1.0.1.tgz",
              "bundled": true
            },
            "vary": {
              "version": "http://registry.npm.taobao.org/vary/download/vary-1.1.2.tgz",
              "bundled": true
            }
          }
        },
        "express-urlrewrite": {
          "version": "http://registry.npm.taobao.org/express-urlrewrite/download/express-urlrewrite-1.2.0.tgz",
          "bundled": true
        },
        "json-parse-helpfulerror": {
          "version": "http://registry.npm.taobao.org/json-parse-helpfulerror/download/json-parse-helpfulerror-1.0.3.tgz",
          "bundled": true
        },
        "lodash": {
          "version": "http://registry.npm.taobao.org/lodash/download/lodash-4.17.11.tgz?cache=0&other_urls=http%3A%2F%2Fregistry.npm.taobao.org%2Flodash%2Fdownload%2Flodash-4.17.11.tgz",
          "bundled": true
        },
        "lodash-id": {
          "version": "http://registry.npm.taobao.org/lodash-id/download/lodash-id-0.14.0.tgz",
          "bundled": true
        },
        "lowdb": {
          "version": "http://registry.npm.taobao.org/lowdb/download/lowdb-1.0.0.tgz",
          "bundled": true
        },
        "method-override": {
          "version": "http://registry.npm.taobao.org/method-override/download/method-override-3.0.0.tgz",
          "bundled": true
        },
        "morgan": {
          "version": "http://registry.npm.taobao.org/morgan/download/morgan-1.9.1.tgz",
          "bundled": true
        },
        "nanoid": {
          "version": "http://registry.npm.taobao.org/nanoid/download/nanoid-2.0.1.tgz",
          "bundled": true
        },
        "object-assign": {
          "version": "http://registry.npm.taobao.org/object-assign/download/object-assign-4.1.1.tgz",
          "bundled": true
        },
        "please-upgrade-node": {
          "version": "http://registry.npm.taobao.org/please-upgrade-node/download/please-upgrade-node-3.1.1.tgz",
          "bundled": true
        },
        "pluralize": {
          "version": "http://registry.npm.taobao.org/pluralize/download/pluralize-7.0.0.tgz",
          "bundled": true
        },
        "request": {
          "version": "http://registry.npm.taobao.org/request/download/request-2.88.0.tgz",
          "bundled": true
        },
        "server-destroy": {
          "version": "http://registry.npm.taobao.org/server-destroy/download/server-destroy-1.0.1.tgz",
          "bundled": true
        },
        "update-notifier": {
          "version": "http://registry.npm.taobao.org/update-notifier/download/update-notifier-2.5.0.tgz?cache=0&other_urls=http%3A%2F%2Fregistry.npm.taobao.org%2Fupdate-notifier%2Fdownload%2Fupdate-notifier-2.5.0.tgz",
          "bundled": true
        },
        "yargs": {
          "version": "http://registry.npm.taobao.org/yargs/download/yargs-12.0.5.tgz",
          "bundled": true
        }
      }
    }
  }
}
